PODS:
  - lottie-ios (3.2.1)
  - SnapKit (5.0.1)

DEPENDENCIES:
  - lottie-ios
  - SnapKit (~> 5.0.0)

SPEC REPOS:
  trunk:
    - lottie-ios
    - SnapKit

SPEC CHECKSUMS:
  lottie-ios: 106e92eaf11fbed0a76590b4cdb9b5ec26123ff7
  SnapKit: 97b92857e3df3a0c71833cce143274bf6ef8e5eb

PODFILE CHECKSUM: d5361893ee975c40c7fbdb22ed5e729d3b0d62bb

COCOAPODS: 1.10.1
