// !$*UTF8*$!
{
	archiveVersion = 1;
	classes = {
	};
	objectVersion = 50;
	objects = {

/* Begin PBXBuildFile section */
		323FB637441E03DD7443351B /* libPods-WeatherApplication.a in Frameworks */ = {isa = PBXBuildFile; fileRef = B182F980D083CE9D3128A903 /* libPods-WeatherApplication.a */; };
		5C32A53926CFD00400154AA0 /* share3.json in Resources */ = {isa = PBXBuildFile; fileRef = 5C32A53826CFD00400154AA0 /* share3.json */; };
		5C32A53B26CFD29400154AA0 /* arrow.json in Resources */ = {isa = PBXBuildFile; fileRef = 5C32A53A26CFD29400154AA0 /* arrow.json */; };
		5C32A53D26CFD3F100154AA0 /* arrows.json in Resources */ = {isa = PBXBuildFile; fileRef = 5C32A53C26CFD3F100154AA0 /* arrows.json */; };
		5C32A53F26CFD8B700154AA0 /* dot.json in Resources */ = {isa = PBXBuildFile; fileRef = 5C32A53E26CFD8B700154AA0 /* dot.json */; };
		5C32A54126CFD9C200154AA0 /* share4.json in Resources */ = {isa = PBXBuildFile; fileRef = 5C32A54026CFD9C200154AA0 /* share4.json */; };
		5C32A54326CFDA7900154AA0 /* linkedin2.json in Resources */ = {isa = PBXBuildFile; fileRef = 5C32A54226CFDA7900154AA0 /* linkedin2.json */; };
		5C32A54526CFDAF000154AA0 /* linkedin.json in Resources */ = {isa = PBXBuildFile; fileRef = 5C32A54426CFDAF000154AA0 /* linkedin.json */; };
		5C32A54726CFF81800154AA0 /* tap2.json in Resources */ = {isa = PBXBuildFile; fileRef = 5C32A54626CFF81800154AA0 /* tap2.json */; };
		5C32A54926D0340300154AA0 /* WeatherAPI_errors.swift in Sources */ = {isa = PBXBuildFile; fileRef = 5C32A54826D0340200154AA0 /* WeatherAPI_errors.swift */; };
		5C32A55426D0413D00154AA0 /* logo.png in Resources */ = {isa = PBXBuildFile; fileRef = 5C32A55326D0413D00154AA0 /* logo.png */; };
		5C32A55626D04AFA00154AA0 /* screenshot0.gif in Resources */ = {isa = PBXBuildFile; fileRef = 5C32A55526D04AFA00154AA0 /* screenshot0.gif */; };
		5C32A55926D3B0C200154AA0 /* UITextFieldExtensions.swift in Sources */ = {isa = PBXBuildFile; fileRef = 5C32A55826D3B0C200154AA0 /* UITextFieldExtensions.swift */; };
		5C32A55B26D3B9CC00154AA0 /* remarks.txt in Resources */ = {isa = PBXBuildFile; fileRef = 5C32A55A26D3B9CC00154AA0 /* remarks.txt */; };
		5C32A55E26D3EC9300154AA0 /* NetworkMonitor.swift in Sources */ = {isa = PBXBuildFile; fileRef = 5C32A55D26D3EC9300154AA0 /* NetworkMonitor.swift */; };
		5C32A56026D5418900154AA0 /* ViewControllerExtension.swift in Sources */ = {isa = PBXBuildFile; fileRef = 5C32A55F26D5418900154AA0 /* ViewControllerExtension.swift */; };
		5C32A56226D5421400154AA0 /* UIColorExtension.swift in Sources */ = {isa = PBXBuildFile; fileRef = 5C32A56126D5421400154AA0 /* UIColorExtension.swift */; };
		5C32A56426D5427F00154AA0 /* DateExtension.swift in Sources */ = {isa = PBXBuildFile; fileRef = 5C32A56326D5427F00154AA0 /* DateExtension.swift */; };
		5C32A56626D542D600154AA0 /* TableViewCellExtension.swift in Sources */ = {isa = PBXBuildFile; fileRef = 5C32A56526D542D600154AA0 /* TableViewCellExtension.swift */; };
		5C32A56A26D666F200154AA0 /* TableViewController.swift in Sources */ = {isa = PBXBuildFile; fileRef = 5C32A56926D666F200154AA0 /* TableViewController.swift */; };
		5C32A56D26D7B1BF00154AA0 /* StaticContext.swift in Sources */ = {isa = PBXBuildFile; fileRef = 5C32A56C26D7B1BF00154AA0 /* StaticContext.swift */; };
		5C32A57226D80E6600154AA0 /* screenshot3.PNG in Resources */ = {isa = PBXBuildFile; fileRef = 5C32A56E26D80E6500154AA0 /* screenshot3.PNG */; };
		5C32A57326D80E6600154AA0 /* screenshot4.PNG in Resources */ = {isa = PBXBuildFile; fileRef = 5C32A56F26D80E6500154AA0 /* screenshot4.PNG */; };
		5C32A57426D80E6600154AA0 /* screenshot1.PNG in Resources */ = {isa = PBXBuildFile; fileRef = 5C32A57026D80E6600154AA0 /* screenshot1.PNG */; };
		5C32A57526D80E6600154AA0 /* screenshot2.PNG in Resources */ = {isa = PBXBuildFile; fileRef = 5C32A57126D80E6600154AA0 /* screenshot2.PNG */; };
		5C5A763326BD4C7C0045A667 /* AppDelegate.swift in Sources */ = {isa = PBXBuildFile; fileRef = 5C5A763226BD4C7C0045A667 /* AppDelegate.swift */; };
		5C5A763526BD4C7C0045A667 /* SceneDelegate.swift in Sources */ = {isa = PBXBuildFile; fileRef = 5C5A763426BD4C7C0045A667 /* SceneDelegate.swift */; };
		5C5A763726BD4C7C0045A667 /* ViewController.swift in Sources */ = {isa = PBXBuildFile; fileRef = 5C5A763626BD4C7C0045A667 /* ViewController.swift */; };
		5C5A763A26BD4C7C0045A667 /* Main.storyboard in Resources */ = {isa = PBXBuildFile; fileRef = 5C5A763826BD4C7C0045A667 /* Main.storyboard */; };
		5C5A763C26BD4C7D0045A667 /* Assets.xcassets in Resources */ = {isa = PBXBuildFile; fileRef = 5C5A763B26BD4C7D0045A667 /* Assets.xcassets */; };
		5C5A763F26BD4C7D0045A667 /* LaunchScreen.storyboard in Resources */ = {isa = PBXBuildFile; fileRef = 5C5A763D26BD4C7D0045A667 /* LaunchScreen.storyboard */; };
		5C5A764726BD85F80045A667 /* WeatherData.swift in Sources */ = {isa = PBXBuildFile; fileRef = 5C5A764626BD85F80045A667 /* WeatherData.swift */; };
		5C5A764926BD87170045A667 /* WeatherAPI.swift in Sources */ = {isa = PBXBuildFile; fileRef = 5C5A764826BD87170045A667 /* WeatherAPI.swift */; };
		5C5A764C26BD8D3C0045A667 /* APIError.swift in Sources */ = {isa = PBXBuildFile; fileRef = 5C5A764B26BD8D3C0045A667 /* APIError.swift */; };
		5C5A764E26BD8DCD0045A667 /* Test iOS task for interns.pdf in Resources */ = {isa = PBXBuildFile; fileRef = 5C5A764D26BD8DCD0045A667 /* Test iOS task for interns.pdf */; };
		5C5A765426BD92B40045A667 /* ViewModel.swift in Sources */ = {isa = PBXBuildFile; fileRef = 5C5A765326BD92B40045A667 /* ViewModel.swift */; };
		5C5A766126C423E00045A667 /* TableViewCell.swift in Sources */ = {isa = PBXBuildFile; fileRef = 5C5A766026C423E00045A667 /* TableViewCell.swift */; };
		5CB04D5626CC1E7D000C82B2 /* share2.json in Resources */ = {isa = PBXBuildFile; fileRef = 5CB04D5326CC1E7C000C82B2 /* share2.json */; };
		5CB04D5726CC1E7D000C82B2 /* share.json in Resources */ = {isa = PBXBuildFile; fileRef = 5CB04D5426CC1E7C000C82B2 /* share.json */; };
		5CB04D5826CC1E7D000C82B2 /* WHOOPASS.TTF in Resources */ = {isa = PBXBuildFile; fileRef = 5CB04D5526CC1E7C000C82B2 /* WHOOPASS.TTF */; };
		5CB04D5E26CD77C8000C82B2 /* MONTSERRAT-EXTRABOLD.TTF in Resources */ = {isa = PBXBuildFile; fileRef = 5CB04D5C26CD77C2000C82B2 /* MONTSERRAT-EXTRABOLD.TTF */; };
		5CB04D5F26CD77CA000C82B2 /* MONTSERRAT-MEDIUM.TTF in Resources */ = {isa = PBXBuildFile; fileRef = 5CB04D5B26CD77C2000C82B2 /* MONTSERRAT-MEDIUM.TTF */; };
		5CB04D6026CD77CC000C82B2 /* MONTSERRAT-THIN.TTF in Resources */ = {isa = PBXBuildFile; fileRef = 5CB04D5D26CD77C2000C82B2 /* MONTSERRAT-THIN.TTF */; };
/* End PBXBuildFile section */

/* Begin PBXFileReference section */
		4F0297EC64762BD0FBFC3B75 /* Pods-WeatherApplication.debug.xcconfig */ = {isa = PBXFileReference; includeInIndex = 1; lastKnownFileType = text.xcconfig; name = "Pods-WeatherApplication.debug.xcconfig"; path = "Target Support Files/Pods-WeatherApplication/Pods-WeatherApplication.debug.xcconfig"; sourceTree = "<group>"; };
		5C32A53826CFD00400154AA0 /* share3.json */ = {isa = PBXFileReference; fileEncoding = 4; lastKnownFileType = text.json; path = share3.json; sourceTree = "<group>"; };
		5C32A53A26CFD29400154AA0 /* arrow.json */ = {isa = PBXFileReference; fileEncoding = 4; lastKnownFileType = text.json; path = arrow.json; sourceTree = "<group>"; };
		5C32A53C26CFD3F100154AA0 /* arrows.json */ = {isa = PBXFileReference; fileEncoding = 4; lastKnownFileType = text.json; path = arrows.json; sourceTree = "<group>"; };
		5C32A53E26CFD8B700154AA0 /* dot.json */ = {isa = PBXFileReference; fileEncoding = 4; lastKnownFileType = text.json; path = dot.json; sourceTree = "<group>"; };
		5C32A54026CFD9C200154AA0 /* share4.json */ = {isa = PBXFileReference; fileEncoding = 4; lastKnownFileType = text.json; path = share4.json; sourceTree = "<group>"; };
		5C32A54226CFDA7900154AA0 /* linkedin2.json */ = {isa = PBXFileReference; fileEncoding = 4; lastKnownFileType = text.json; path = linkedin2.json; sourceTree = "<group>"; };
		5C32A54426CFDAF000154AA0 /* linkedin.json */ = {isa = PBXFileReference; fileEncoding = 4; lastKnownFileType = text.json; path = linkedin.json; sourceTree = "<group>"; };
		5C32A54626CFF81800154AA0 /* tap2.json */ = {isa = PBXFileReference; fileEncoding = 4; lastKnownFileType = text.json; path = tap2.json; sourceTree = "<group>"; };
		5C32A54826D0340200154AA0 /* WeatherAPI_errors.swift */ = {isa = PBXFileReference; lastKnownFileType = sourcecode.swift; path = WeatherAPI_errors.swift; sourceTree = "<group>"; };
		5C32A55326D0413D00154AA0 /* logo.png */ = {isa = PBXFileReference; lastKnownFileType = image.png; path = logo.png; sourceTree = "<group>"; };
		5C32A55526D04AFA00154AA0 /* screenshot0.gif */ = {isa = PBXFileReference; lastKnownFileType = image.gif; path = screenshot0.gif; sourceTree = "<group>"; };
		5C32A55826D3B0C200154AA0 /* UITextFieldExtensions.swift */ = {isa = PBXFileReference; lastKnownFileType = sourcecode.swift; path = UITextFieldExtensions.swift; sourceTree = "<group>"; };
		5C32A55A26D3B9CC00154AA0 /* remarks.txt */ = {isa = PBXFileReference; lastKnownFileType = text; path = remarks.txt; sourceTree = "<group>"; };
		5C32A55D26D3EC9300154AA0 /* NetworkMonitor.swift */ = {isa = PBXFileReference; lastKnownFileType = sourcecode.swift; path = NetworkMonitor.swift; sourceTree = "<group>"; };
		5C32A55F26D5418900154AA0 /* ViewControllerExtension.swift */ = {isa = PBXFileReference; lastKnownFileType = sourcecode.swift; path = ViewControllerExtension.swift; sourceTree = "<group>"; };
		5C32A56126D5421400154AA0 /* UIColorExtension.swift */ = {isa = PBXFileReference; lastKnownFileType = sourcecode.swift; path = UIColorExtension.swift; sourceTree = "<group>"; };
		5C32A56326D5427F00154AA0 /* DateExtension.swift */ = {isa = PBXFileReference; lastKnownFileType = sourcecode.swift; path = DateExtension.swift; sourceTree = "<group>"; };
		5C32A56526D542D600154AA0 /* TableViewCellExtension.swift */ = {isa = PBXFileReference; lastKnownFileType = sourcecode.swift; path = TableViewCellExtension.swift; sourceTree = "<group>"; };
		5C32A56926D666F200154AA0 /* TableViewController.swift */ = {isa = PBXFileReference; lastKnownFileType = sourcecode.swift; path = TableViewController.swift; sourceTree = "<group>"; };
		5C32A56C26D7B1BF00154AA0 /* StaticContext.swift */ = {isa = PBXFileReference; lastKnownFileType = sourcecode.swift; path = StaticContext.swift; sourceTree = "<group>"; };
		5C32A56E26D80E6500154AA0 /* screenshot3.PNG */ = {isa = PBXFileReference; lastKnownFileType = image.png; path = screenshot3.PNG; sourceTree = "<group>"; };
		5C32A56F26D80E6500154AA0 /* screenshot4.PNG */ = {isa = PBXFileReference; lastKnownFileType = image.png; path = screenshot4.PNG; sourceTree = "<group>"; };
		5C32A57026D80E6600154AA0 /* screenshot1.PNG */ = {isa = PBXFileReference; lastKnownFileType = image.png; path = screenshot1.PNG; sourceTree = "<group>"; };
		5C32A57126D80E6600154AA0 /* screenshot2.PNG */ = {isa = PBXFileReference; lastKnownFileType = image.png; path = screenshot2.PNG; sourceTree = "<group>"; };
		5C5A762F26BD4C7C0045A667 /* WeatherApplication.app */ = {isa = PBXFileReference; explicitFileType = wrapper.application; includeInIndex = 0; path = WeatherApplication.app; sourceTree = BUILT_PRODUCTS_DIR; };
		5C5A763226BD4C7C0045A667 /* AppDelegate.swift */ = {isa = PBXFileReference; lastKnownFileType = sourcecode.swift; path = AppDelegate.swift; sourceTree = "<group>"; };
		5C5A763426BD4C7C0045A667 /* SceneDelegate.swift */ = {isa = PBXFileReference; lastKnownFileType = sourcecode.swift; path = SceneDelegate.swift; sourceTree = "<group>"; };
		5C5A763626BD4C7C0045A667 /* ViewController.swift */ = {isa = PBXFileReference; lastKnownFileType = sourcecode.swift; path = ViewController.swift; sourceTree = "<group>"; };
		5C5A763926BD4C7C0045A667 /* Base */ = {isa = PBXFileReference; lastKnownFileType = file.storyboard; name = Base; path = Base.lproj/Main.storyboard; sourceTree = "<group>"; };
		5C5A763B26BD4C7D0045A667 /* Assets.xcassets */ = {isa = PBXFileReference; lastKnownFileType = folder.assetcatalog; path = Assets.xcassets; sourceTree = "<group>"; };
		5C5A763E26BD4C7D0045A667 /* Base */ = {isa = PBXFileReference; lastKnownFileType = file.storyboard; name = Base; path = Base.lproj/LaunchScreen.storyboard; sourceTree = "<group>"; };
		5C5A764026BD4C7D0045A667 /* Info.plist */ = {isa = PBXFileReference; lastKnownFileType = text.plist.xml; path = Info.plist; sourceTree = "<group>"; };
		5C5A764626BD85F80045A667 /* WeatherData.swift */ = {isa = PBXFileReference; lastKnownFileType = sourcecode.swift; path = WeatherData.swift; sourceTree = "<group>"; };
		5C5A764826BD87170045A667 /* WeatherAPI.swift */ = {isa = PBXFileReference; lastKnownFileType = sourcecode.swift; path = WeatherAPI.swift; sourceTree = "<group>"; };
		5C5A764B26BD8D3C0045A667 /* APIError.swift */ = {isa = PBXFileReference; lastKnownFileType = sourcecode.swift; path = APIError.swift; sourceTree = "<group>"; };
		5C5A764D26BD8DCD0045A667 /* Test iOS task for interns.pdf */ = {isa = PBXFileReference; lastKnownFileType = image.pdf; path = "Test iOS task for interns.pdf"; sourceTree = "<group>"; };
		5C5A765326BD92B40045A667 /* ViewModel.swift */ = {isa = PBXFileReference; lastKnownFileType = sourcecode.swift; path = ViewModel.swift; sourceTree = "<group>"; };
		5C5A766026C423E00045A667 /* TableViewCell.swift */ = {isa = PBXFileReference; lastKnownFileType = sourcecode.swift; path = TableViewCell.swift; sourceTree = "<group>"; };
		5CB04D5326CC1E7C000C82B2 /* share2.json */ = {isa = PBXFileReference; fileEncoding = 4; lastKnownFileType = text.json; path = share2.json; sourceTree = "<group>"; };
		5CB04D5426CC1E7C000C82B2 /* share.json */ = {isa = PBXFileReference; fileEncoding = 4; lastKnownFileType = text.json; path = share.json; sourceTree = "<group>"; };
		5CB04D5526CC1E7C000C82B2 /* WHOOPASS.TTF */ = {isa = PBXFileReference; lastKnownFileType = file; path = WHOOPASS.TTF; sourceTree = "<group>"; };
		5CB04D5B26CD77C2000C82B2 /* MONTSERRAT-MEDIUM.TTF */ = {isa = PBXFileReference; lastKnownFileType = file; path = "MONTSERRAT-MEDIUM.TTF"; sourceTree = "<group>"; };
		5CB04D5C26CD77C2000C82B2 /* MONTSERRAT-EXTRABOLD.TTF */ = {isa = PBXFileReference; lastKnownFileType = file; path = "MONTSERRAT-EXTRABOLD.TTF"; sourceTree = "<group>"; };
		5CB04D5D26CD77C2000C82B2 /* MONTSERRAT-THIN.TTF */ = {isa = PBXFileReference; lastKnownFileType = file; path = "MONTSERRAT-THIN.TTF"; sourceTree = "<group>"; };
		8B061659E2803320D5690685 /* Pods-WeatherApplication.release.xcconfig */ = {isa = PBXFileReference; includeInIndex = 1; lastKnownFileType = text.xcconfig; name = "Pods-WeatherApplication.release.xcconfig"; path = "Target Support Files/Pods-WeatherApplication/Pods-WeatherApplication.release.xcconfig"; sourceTree = "<group>"; };
		B182F980D083CE9D3128A903 /* libPods-WeatherApplication.a */ = {isa = PBXFileReference; explicitFileType = archive.ar; includeInIndex = 0; path = "libPods-WeatherApplication.a"; sourceTree = BUILT_PRODUCTS_DIR; };
/* End PBXFileReference section */

/* Begin PBXFrameworksBuildPhase section */
		5C5A762C26BD4C7C0045A667 /* Frameworks */ = {
			isa = PBXFrameworksBuildPhase;
			buildActionMask = 2147483647;
			files = (
				323FB637441E03DD7443351B /* libPods-WeatherApplication.a in Frameworks */,
			);
			runOnlyForDeploymentPostprocessing = 0;
		};
/* End PBXFrameworksBuildPhase section */

/* Begin PBXGroup section */
		28B2967F5B78A5CDB78B136C /* Frameworks */ = {
			isa = PBXGroup;
			children = (
				B182F980D083CE9D3128A903 /* libPods-WeatherApplication.a */,
			);
			name = Frameworks;
			sourceTree = "<group>";
		};
		5C32A53326CEC62E00154AA0 /* Views */ = {
			isa = PBXGroup;
			children = (
				5C5A763626BD4C7C0045A667 /* ViewController.swift */,
				5C5A766026C423E00045A667 /* TableViewCell.swift */,
				5C32A56926D666F200154AA0 /* TableViewController.swift */,
			);
			path = Views;
			sourceTree = "<group>";
		};
		5C32A53426CEC6CE00154AA0 /* Fonts */ = {
			isa = PBXGroup;
			children = (
				5CB04D5526CC1E7C000C82B2 /* WHOOPASS.TTF */,
				5CB04D5C26CD77C2000C82B2 /* MONTSERRAT-EXTRABOLD.TTF */,
				5CB04D5B26CD77C2000C82B2 /* MONTSERRAT-MEDIUM.TTF */,
				5CB04D5D26CD77C2000C82B2 /* MONTSERRAT-THIN.TTF */,
			);
			path = Fonts;
			sourceTree = "<group>";
		};
		5C32A53526CEC6EA00154AA0 /* Lottie JSON */ = {
			isa = PBXGroup;
			children = (
				5C32A53C26CFD3F100154AA0 /* arrows.json */,
				5C32A54426CFDAF000154AA0 /* linkedin.json */,
				5C32A54626CFF81800154AA0 /* tap2.json */,
				5C32A54226CFDA7900154AA0 /* linkedin2.json */,
				5C32A54026CFD9C200154AA0 /* share4.json */,
				5C32A53A26CFD29400154AA0 /* arrow.json */,
				5C32A53E26CFD8B700154AA0 /* dot.json */,
				5CB04D5426CC1E7C000C82B2 /* share.json */,
				5CB04D5326CC1E7C000C82B2 /* share2.json */,
				5C32A53826CFD00400154AA0 /* share3.json */,
			);
			path = "Lottie JSON";
			sourceTree = "<group>";
		};
		5C32A54A26D0405900154AA0 /* screenshots */ = {
			isa = PBXGroup;
			children = (
				5C32A55326D0413D00154AA0 /* logo.png */,
				5C32A57026D80E6600154AA0 /* screenshot1.PNG */,
				5C32A57126D80E6600154AA0 /* screenshot2.PNG */,
				5C32A56E26D80E6500154AA0 /* screenshot3.PNG */,
				5C32A56F26D80E6500154AA0 /* screenshot4.PNG */,
				5C32A55526D04AFA00154AA0 /* screenshot0.gif */,
			);
			path = screenshots;
			sourceTree = "<group>";
		};
		5C32A55726D3B09200154AA0 /* Extensions */ = {
			isa = PBXGroup;
			children = (
				5C32A55826D3B0C200154AA0 /* UITextFieldExtensions.swift */,
				5C32A56326D5427F00154AA0 /* DateExtension.swift */,
				5C32A55F26D5418900154AA0 /* ViewControllerExtension.swift */,
				5C32A56126D5421400154AA0 /* UIColorExtension.swift */,
				5C32A56526D542D600154AA0 /* TableViewCellExtension.swift */,
			);
			path = Extensions;
			sourceTree = "<group>";
		};
		5C32A55C26D3EC7C00154AA0 /* Network */ = {
			isa = PBXGroup;
			children = (
				5C32A55D26D3EC9300154AA0 /* NetworkMonitor.swift */,
			);
			path = Network;
			sourceTree = "<group>";
		};
		5C32A56B26D7B19900154AA0 /* Static Context */ = {
			isa = PBXGroup;
			children = (
				5C32A56C26D7B1BF00154AA0 /* StaticContext.swift */,
			);
			path = "Static Context";
			sourceTree = "<group>";
		};
		5C5A762626BD4C7C0045A667 = {
			isa = PBXGroup;
			children = (
				5C32A55C26D3EC7C00154AA0 /* Network */,
				5C5A763126BD4C7C0045A667 /* WeatherApplication */,
				5C5A763026BD4C7C0045A667 /* Products */,
				E653EC56131D8AB1CCE2DA02 /* Pods */,
				28B2967F5B78A5CDB78B136C /* Frameworks */,
			);
			sourceTree = "<group>";
		};
		5C5A763026BD4C7C0045A667 /* Products */ = {
			isa = PBXGroup;
			children = (
				5C5A762F26BD4C7C0045A667 /* WeatherApplication.app */,
			);
			name = Products;
			sourceTree = "<group>";
		};
		5C5A763126BD4C7C0045A667 /* WeatherApplication */ = {
			isa = PBXGroup;
			children = (
				5C32A56B26D7B19900154AA0 /* Static Context */,
				5C32A55726D3B09200154AA0 /* Extensions */,
				5C5A763226BD4C7C0045A667 /* AppDelegate.swift */,
				5C5A763426BD4C7C0045A667 /* SceneDelegate.swift */,
				5C5A765626BD96D50045A667 /* API */,
				5C5A765526BD96AE0045A667 /* Model */,
				5C5A765226BD929B0045A667 /* ViewModel */,
				5C5A764A26BD8D1F0045A667 /* Errors */,
				5C32A53326CEC62E00154AA0 /* Views */,
				5C5A763826BD4C7C0045A667 /* Main.storyboard */,
				5C5A763B26BD4C7D0045A667 /* Assets.xcassets */,
				5C32A53426CEC6CE00154AA0 /* Fonts */,
				5C32A53526CEC6EA00154AA0 /* Lottie JSON */,
				5C32A54A26D0405900154AA0 /* screenshots */,
				5C5A764D26BD8DCD0045A667 /* Test iOS task for interns.pdf */,
				5C32A55A26D3B9CC00154AA0 /* remarks.txt */,
				5C5A763D26BD4C7D0045A667 /* LaunchScreen.storyboard */,
				5C5A764026BD4C7D0045A667 /* Info.plist */,
			);
			path = WeatherApplication;
			sourceTree = "<group>";
		};
		5C5A764A26BD8D1F0045A667 /* Errors */ = {
			isa = PBXGroup;
			children = (
				5C5A764B26BD8D3C0045A667 /* APIError.swift */,
			);
			path = Errors;
			sourceTree = "<group>";
		};
		5C5A765226BD929B0045A667 /* ViewModel */ = {
			isa = PBXGroup;
			children = (
				5C5A765326BD92B40045A667 /* ViewModel.swift */,
			);
			path = ViewModel;
			sourceTree = "<group>";
		};
		5C5A765526BD96AE0045A667 /* Model */ = {
			isa = PBXGroup;
			children = (
				5C5A764626BD85F80045A667 /* WeatherData.swift */,
			);
			path = Model;
			sourceTree = "<group>";
		};
		5C5A765626BD96D50045A667 /* API */ = {
			isa = PBXGroup;
			children = (
				5C5A764826BD87170045A667 /* WeatherAPI.swift */,
				5C32A54826D0340200154AA0 /* WeatherAPI_errors.swift */,
			);
			path = API;
			sourceTree = "<group>";
		};
		E653EC56131D8AB1CCE2DA02 /* Pods */ = {
			isa = PBXGroup;
			children = (
				4F0297EC64762BD0FBFC3B75 /* Pods-WeatherApplication.debug.xcconfig */,
				8B061659E2803320D5690685 /* Pods-WeatherApplication.release.xcconfig */,
			);
			path = Pods;
			sourceTree = "<group>";
		};
/* End PBXGroup section */

/* Begin PBXNativeTarget section */
		5C5A762E26BD4C7C0045A667 /* WeatherApplication */ = {
			isa = PBXNativeTarget;
			buildConfigurationList = 5C5A764326BD4C7D0045A667 /* Build configuration list for PBXNativeTarget "WeatherApplication" */;
			buildPhases = (
				E257AF4142FD4020149D7641 /* [CP] Check Pods Manifest.lock */,
				5C5A762B26BD4C7C0045A667 /* Sources */,
				5C5A762C26BD4C7C0045A667 /* Frameworks */,
				5C5A762D26BD4C7C0045A667 /* Resources */,
			);
			buildRules = (
			);
			dependencies = (
			);
			name = WeatherApplication;
			productName = WeatherApplication;
			productReference = 5C5A762F26BD4C7C0045A667 /* WeatherApplication.app */;
			productType = "com.apple.product-type.application";
		};
/* End PBXNativeTarget section */

/* Begin PBXProject section */
		5C5A762726BD4C7C0045A667 /* Project object */ = {
			isa = PBXProject;
			attributes = {
				LastSwiftUpdateCheck = 1250;
				LastUpgradeCheck = 1250;
				TargetAttributes = {
					5C5A762E26BD4C7C0045A667 = {
						CreatedOnToolsVersion = 12.5;
					};
				};
			};
			buildConfigurationList = 5C5A762A26BD4C7C0045A667 /* Build configuration list for PBXProject "WeatherApplication" */;
			compatibilityVersion = "Xcode 9.3";
			developmentRegion = en;
			hasScannedForEncodings = 0;
			knownRegions = (
				en,
				Base,
			);
			mainGroup = 5C5A762626BD4C7C0045A667;
			productRefGroup = 5C5A763026BD4C7C0045A667 /* Products */;
			projectDirPath = "";
			projectRoot = "";
			targets = (
				5C5A762E26BD4C7C0045A667 /* WeatherApplication */,
			);
		};
/* End PBXProject section */

/* Begin PBXResourcesBuildPhase section */
		5C5A762D26BD4C7C0045A667 /* Resources */ = {
			isa = PBXResourcesBuildPhase;
			buildActionMask = 2147483647;
			files = (
				5C5A763F26BD4C7D0045A667 /* LaunchScreen.storyboard in Resources */,
				5C32A55426D0413D00154AA0 /* logo.png in Resources */,
				5C32A57326D80E6600154AA0 /* screenshot4.PNG in Resources */,
				5C32A57226D80E6600154AA0 /* screenshot3.PNG in Resources */,
				5C5A764E26BD8DCD0045A667 /* Test iOS task for interns.pdf in Resources */,
				5CB04D5626CC1E7D000C82B2 /* share2.json in Resources */,
				5C32A57426D80E6600154AA0 /* screenshot1.PNG in Resources */,
				5C32A53F26CFD8B700154AA0 /* dot.json in Resources */,
				5C5A763C26BD4C7D0045A667 /* Assets.xcassets in Resources */,
				5C32A53D26CFD3F100154AA0 /* arrows.json in Resources */,
				5C32A54526CFDAF000154AA0 /* linkedin.json in Resources */,
				5C32A54326CFDA7900154AA0 /* linkedin2.json in Resources */,
				5C32A55626D04AFA00154AA0 /* screenshot0.gif in Resources */,
				5C32A54726CFF81800154AA0 /* tap2.json in Resources */,
				5CB04D6026CD77CC000C82B2 /* MONTSERRAT-THIN.TTF in Resources */,
				5C32A53B26CFD29400154AA0 /* arrow.json in Resources */,
				5C32A53926CFD00400154AA0 /* share3.json in Resources */,
				5C32A57526D80E6600154AA0 /* screenshot2.PNG in Resources */,
				5CB04D5826CC1E7D000C82B2 /* WHOOPASS.TTF in Resources */,
				5CB04D5E26CD77C8000C82B2 /* MONTSERRAT-EXTRABOLD.TTF in Resources */,
				5C32A55B26D3B9CC00154AA0 /* remarks.txt in Resources */,
				5C5A763A26BD4C7C0045A667 /* Main.storyboard in Resources */,
				5CB04D5726CC1E7D000C82B2 /* share.json in Resources */,
				5C32A54126CFD9C200154AA0 /* share4.json in Resources */,
				5CB04D5F26CD77CA000C82B2 /* MONTSERRAT-MEDIUM.TTF in Resources */,
			);
			runOnlyForDeploymentPostprocessing = 0;
		};
/* End PBXResourcesBuildPhase section */

/* Begin PBXShellScriptBuildPhase section */
		E257AF4142FD4020149D7641 /* [CP] Check Pods Manifest.lock */ = {
			isa = PBXShellScriptBuildPhase;
			buildActionMask = 2147483647;
			files = (
			);
			inputFileListPaths = (
			);
			inputPaths = (
				"${PODS_PODFILE_DIR_PATH}/Podfile.lock",
				"${PODS_ROOT}/Manifest.lock",
			);
			name = "[CP] Check Pods Manifest.lock";
			outputFileListPaths = (
			);
			outputPaths = (
				"$(DERIVED_FILE_DIR)/Pods-WeatherApplication-checkManifestLockResult.txt",
			);
			runOnlyForDeploymentPostprocessing = 0;
			shellPath = /bin/sh;
			shellScript = "diff \"${PODS_PODFILE_DIR_PATH}/Podfile.lock\" \"${PODS_ROOT}/Manifest.lock\" > /dev/null\nif [ $? != 0 ] ; then\n    # print error to STDERR\n    echo \"error: The sandbox is not in sync with the Podfile.lock. Run 'pod install' or update your CocoaPods installation.\" >&2\n    exit 1\nfi\n# This output is used by Xcode 'outputs' to avoid re-running this script phase.\necho \"SUCCESS\" > \"${SCRIPT_OUTPUT_FILE_0}\"\n";
			showEnvVarsInLog = 0;
		};
/* End PBXShellScriptBuildPhase section */

/* Begin PBXSourcesBuildPhase section */
		5C5A762B26BD4C7C0045A667 /* Sources */ = {
			isa = PBXSourcesBuildPhase;
			buildActionMask = 2147483647;
			files = (
				5C5A763726BD4C7C0045A667 /* ViewController.swift in Sources */,
				5C32A56226D5421400154AA0 /* UIColorExtension.swift in Sources */,
				5C32A56626D542D600154AA0 /* TableViewCellExtension.swift in Sources */,
				5C5A764926BD87170045A667 /* WeatherAPI.swift in Sources */,
				5C5A763326BD4C7C0045A667 /* AppDelegate.swift in Sources */,
				5C32A56026D5418900154AA0 /* ViewControllerExtension.swift in Sources */,
				5C32A56D26D7B1BF00154AA0 /* StaticContext.swift in Sources */,
				5C5A763526BD4C7C0045A667 /* SceneDelegate.swift in Sources */,
				5C5A766126C423E00045A667 /* TableViewCell.swift in Sources */,
				5C32A56A26D666F200154AA0 /* TableViewController.swift in Sources */,
				5C32A54926D0340300154AA0 /* WeatherAPI_errors.swift in Sources */,
				5C32A56426D5427F00154AA0 /* DateExtension.swift in Sources */,
				5C32A55926D3B0C200154AA0 /* UITextFieldExtensions.swift in Sources */,
				5C5A764726BD85F80045A667 /* WeatherData.swift in Sources */,
				5C32A55E26D3EC9300154AA0 /* NetworkMonitor.swift in Sources */,
				5C5A765426BD92B40045A667 /* ViewModel.swift in Sources */,
				5C5A764C26BD8D3C0045A667 /* APIError.swift in Sources */,
			);
			runOnlyForDeploymentPostprocessing = 0;
		};
/* End PBXSourcesBuildPhase section */

/* Begin PBXVariantGroup section */
		5C5A763826BD4C7C0045A667 /* Main.storyboard */ = {
			isa = PBXVariantGroup;
			children = (
				5C5A763926BD4C7C0045A667 /* Base */,
			);
			name = Main.storyboard;
			sourceTree = "<group>";
		};
		5C5A763D26BD4C7D0045A667 /* LaunchScreen.storyboard */ = {
			isa = PBXVariantGroup;
			children = (
				5C5A763E26BD4C7D0045A667 /* Base */,
			);
			name = LaunchScreen.storyboard;
			sourceTree = "<group>";
		};
/* End PBXVariantGroup section */

/* Begin XCBuildConfiguration section */
		5C5A764126BD4C7D0045A667 /* Debug */ = {
			isa = XCBuildConfiguration;
			buildSettings = {
				ALWAYS_SEARCH_USER_PATHS = NO;
				CLANG_ANALYZER_NONNULL = YES;
				CLANG_ANALYZER_NUMBER_OBJECT_CONVERSION = YES_AGGRESSIVE;
				CLANG_CXX_LANGUAGE_STANDARD = "gnu++14";
				CLANG_CXX_LIBRARY = "libc++";
				CLANG_ENABLE_MODULES = YES;
				CLANG_ENABLE_OBJC_ARC = YES;
				CLANG_ENABLE_OBJC_WEAK = YES;
				CLANG_WARN_BLOCK_CAPTURE_AUTORELEASING = YES;
				CLANG_WARN_BOOL_CONVERSION = YES;
				CLANG_WARN_COMMA = YES;
				CLANG_WARN_CONSTANT_CONVERSION = YES;
				CLANG_WARN_DEPRECATED_OBJC_IMPLEMENTATIONS = YES;
				CLANG_WARN_DIRECT_OBJC_ISA_USAGE = YES_ERROR;
				CLANG_WARN_DOCUMENTATION_COMMENTS = YES;
				CLANG_WARN_EMPTY_BODY = YES;
				CLANG_WARN_ENUM_CONVERSION = YES;
				CLANG_WARN_INFINITE_RECURSION = YES;
				CLANG_WARN_INT_CONVERSION = YES;
				CLANG_WARN_NON_LITERAL_NULL_CONVERSION = YES;
				CLANG_WARN_OBJC_IMPLICIT_RETAIN_SELF = YES;
				CLANG_WARN_OBJC_LITERAL_CONVERSION = YES;
				CLANG_WARN_OBJC_ROOT_CLASS = YES_ERROR;
				CLANG_WARN_QUOTED_INCLUDE_IN_FRAMEWORK_HEADER = YES;
				CLANG_WARN_RANGE_LOOP_ANALYSIS = YES;
				CLANG_WARN_STRICT_PROTOTYPES = YES;
				CLANG_WARN_SUSPICIOUS_MOVE = YES;
				CLANG_WARN_UNGUARDED_AVAILABILITY = YES_AGGRESSIVE;
				CLANG_WARN_UNREACHABLE_CODE = YES;
				CLANG_WARN__DUPLICATE_METHOD_MATCH = YES;
				COPY_PHASE_STRIP = NO;
				DEBUG_INFORMATION_FORMAT = dwarf;
				ENABLE_STRICT_OBJC_MSGSEND = YES;
				ENABLE_TESTABILITY = YES;
				GCC_C_LANGUAGE_STANDARD = gnu11;
				GCC_DYNAMIC_NO_PIC = NO;
				GCC_NO_COMMON_BLOCKS = YES;
				GCC_OPTIMIZATION_LEVEL = 0;
				GCC_PREPROCESSOR_DEFINITIONS = (
					"DEBUG=1",
					"$(inherited)",
				);
				GCC_WARN_64_TO_32_BIT_CONVERSION = YES;
				GCC_WARN_ABOUT_RETURN_TYPE = YES_ERROR;
				GCC_WARN_UNDECLARED_SELECTOR = YES;
				GCC_WARN_UNINITIALIZED_AUTOS = YES_AGGRESSIVE;
				GCC_WARN_UNUSED_FUNCTION = YES;
				GCC_WARN_UNUSED_VARIABLE = YES;
				IPHONEOS_DEPLOYMENT_TARGET = 14.5;
				MTL_ENABLE_DEBUG_INFO = INCLUDE_SOURCE;
				MTL_FAST_MATH = YES;
				ONLY_ACTIVE_ARCH = YES;
				SDKROOT = iphoneos;
				SWIFT_ACTIVE_COMPILATION_CONDITIONS = DEBUG;
				SWIFT_OPTIMIZATION_LEVEL = "-Onone";
			};
			name = Debug;
		};
		5C5A764226BD4C7D0045A667 /* Release */ = {
			isa = XCBuildConfiguration;
			buildSettings = {
				ALWAYS_SEARCH_USER_PATHS = NO;
				CLANG_ANALYZER_NONNULL = YES;
				CLANG_ANALYZER_NUMBER_OBJECT_CONVERSION = YES_AGGRESSIVE;
				CLANG_CXX_LANGUAGE_STANDARD = "gnu++14";
				CLANG_CXX_LIBRARY = "libc++";
				CLANG_ENABLE_MODULES = YES;
				CLANG_ENABLE_OBJC_ARC = YES;
				CLANG_ENABLE_OBJC_WEAK = YES;
				CLANG_WARN_BLOCK_CAPTURE_AUTORELEASING = YES;
				CLANG_WARN_BOOL_CONVERSION = YES;
				CLANG_WARN_COMMA = YES;
				CLANG_WARN_CONSTANT_CONVERSION = YES;
				CLANG_WARN_DEPRECATED_OBJC_IMPLEMENTATIONS = YES;
				CLANG_WARN_DIRECT_OBJC_ISA_USAGE = YES_ERROR;
				CLANG_WARN_DOCUMENTATION_COMMENTS = YES;
				CLANG_WARN_EMPTY_BODY = YES;
				CLANG_WARN_ENUM_CONVERSION = YES;
				CLANG_WARN_INFINITE_RECURSION = YES;
				CLANG_WARN_INT_CONVERSION = YES;
				CLANG_WARN_NON_LITERAL_NULL_CONVERSION = YES;
				CLANG_WARN_OBJC_IMPLICIT_RETAIN_SELF = YES;
				CLANG_WARN_OBJC_LITERAL_CONVERSION = YES;
				CLANG_WARN_OBJC_ROOT_CLASS = YES_ERROR;
				CLANG_WARN_QUOTED_INCLUDE_IN_FRAMEWORK_HEADER = YES;
				CLANG_WARN_RANGE_LOOP_ANALYSIS = YES;
				CLANG_WARN_STRICT_PROTOTYPES = YES;
				CLANG_WARN_SUSPICIOUS_MOVE = YES;
				CLANG_WARN_UNGUARDED_AVAILABILITY = YES_AGGRESSIVE;
				CLANG_WARN_UNREACHABLE_CODE = YES;
				CLANG_WARN__DUPLICATE_METHOD_MATCH = YES;
				COPY_PHASE_STRIP = NO;
				DEBUG_INFORMATION_FORMAT = "dwarf-with-dsym";
				ENABLE_NS_ASSERTIONS = NO;
				ENABLE_STRICT_OBJC_MSGSEND = YES;
				GCC_C_LANGUAGE_STANDARD = gnu11;
				GCC_NO_COMMON_BLOCKS = YES;
				GCC_WARN_64_TO_32_BIT_CONVERSION = YES;
				GCC_WARN_ABOUT_RETURN_TYPE = YES_ERROR;
				GCC_WARN_UNDECLARED_SELECTOR = YES;
				GCC_WARN_UNINITIALIZED_AUTOS = YES_AGGRESSIVE;
				GCC_WARN_UNUSED_FUNCTION = YES;
				GCC_WARN_UNUSED_VARIABLE = YES;
				IPHONEOS_DEPLOYMENT_TARGET = 14.5;
				MTL_ENABLE_DEBUG_INFO = NO;
				MTL_FAST_MATH = YES;
				SDKROOT = iphoneos;
				SWIFT_COMPILATION_MODE = wholemodule;
				SWIFT_OPTIMIZATION_LEVEL = "-O";
				VALIDATE_PRODUCT = YES;
			};
			name = Release;
		};
		5C5A764426BD4C7D0045A667 /* Debug */ = {
			isa = XCBuildConfiguration;
			baseConfigurationReference = 4F0297EC64762BD0FBFC3B75 /* Pods-WeatherApplication.debug.xcconfig */;
			buildSettings = {
				ASSETCATALOG_COMPILER_APPICON_NAME = AppIcon;
				ASSETCATALOG_COMPILER_GLOBAL_ACCENT_COLOR_NAME = AccentColor;
				CODE_SIGN_STYLE = Automatic;
				DEVELOPMENT_TEAM = 5ZPACVGW88;
				INFOPLIST_FILE = WeatherApplication/Info.plist;
				LD_RUNPATH_SEARCH_PATHS = (
					"$(inherited)",
					"@executable_path/Frameworks",
				);
				PRODUCT_BUNDLE_IDENTIFIER = by.kniazevdmitry.WeatherApplication;
				PRODUCT_NAME = "$(TARGET_NAME)";
				SWIFT_VERSION = 5.0;
				TARGETED_DEVICE_FAMILY = 1;
			};
			name = Debug;
		};
		5C5A764526BD4C7D0045A667 /* Release */ = {
			isa = XCBuildConfiguration;
			baseConfigurationReference = 8B061659E2803320D5690685 /* Pods-WeatherApplication.release.xcconfig */;
			buildSettings = {
				ASSETCATALOG_COMPILER_APPICON_NAME = AppIcon;
				ASSETCATALOG_COMPILER_GLOBAL_ACCENT_COLOR_NAME = AccentColor;
				CODE_SIGN_STYLE = Automatic;
				DEVELOPMENT_TEAM = 5ZPACVGW88;
				INFOPLIST_FILE = WeatherApplication/Info.plist;
				LD_RUNPATH_SEARCH_PATHS = (
					"$(inherited)",
					"@executable_path/Frameworks",
				);
				PRODUCT_BUNDLE_IDENTIFIER = by.kniazevdmitry.WeatherApplication;
				PRODUCT_NAME = "$(TARGET_NAME)";
				SWIFT_VERSION = 5.0;
				TARGETED_DEVICE_FAMILY = 1;
			};
			name = Release;
		};
/* End XCBuildConfiguration section */

/* Begin XCConfigurationList section */
		5C5A762A26BD4C7C0045A667 /* Build configuration list for PBXProject "WeatherApplication" */ = {
			isa = XCConfigurationList;
			buildConfigurations = (
				5C5A764126BD4C7D0045A667 /* Debug */,
				5C5A764226BD4C7D0045A667 /* Release */,
			);
			defaultConfigurationIsVisible = 0;
			defaultConfigurationName = Release;
		};
		5C5A764326BD4C7D0045A667 /* Build configuration list for PBXNativeTarget "WeatherApplication" */ = {
			isa = XCConfigurationList;
			buildConfigurations = (
				5C5A764426BD4C7D0045A667 /* Debug */,
				5C5A764526BD4C7D0045A667 /* Release */,
			);
			defaultConfigurationIsVisible = 0;
			defaultConfigurationName = Release;
		};
/* End XCConfigurationList section */
	};
	rootObject = 5C5A762726BD4C7C0045A667 /* Project object */;
}
